// !$*UTF8*$!
{
	archiveVersion = 1;
	classes = {
	};
	objectVersion = 50;
	objects = {

/* Begin PBXBuildFile section */
		D62BAF492177735F00980394 /* FrogPrince.cpp in Sources */ = {isa = PBXBuildFile; fileRef = D62BAF482177735F00980394 /* FrogPrince.cpp */; };
		D688EE982174D9310094AC20 /* Princess.cpp in Sources */ = {isa = PBXBuildFile; fileRef = D688EE972174D9310094AC20 /* Princess.cpp */; };
		D6B54C972174CD7600217BA7 /* testPrincess.cpp in Sources */ = {isa = PBXBuildFile; fileRef = D6B54C962174CD7600217BA7 /* testPrincess.cpp */; };
/* End PBXBuildFile section */

/* Begin PBXCopyFilesBuildPhase section */
		D6B54C912174CD7600217BA7 /* CopyFiles */ = {
			isa = PBXCopyFilesBuildPhase;
			buildActionMask = 2147483647;
			dstPath = /usr/share/man/man1/;
			dstSubfolderSpec = 0;
			files = (
			);
			runOnlyForDeploymentPostprocessing = 1;
		};
/* End PBXCopyFilesBuildPhase section */

/* Begin PBXFileReference section */
		D62BAF482177735F00980394 /* FrogPrince.cpp */ = {isa = PBXFileReference; lastKnownFileType = sourcecode.cpp.cpp; path = FrogPrince.cpp; sourceTree = "<group>"; };
		D688EE962174D8E00094AC20 /* Princess.h */ = {isa = PBXFileReference; lastKnownFileType = sourcecode.c.h; path = Princess.h; sourceTree = "<group>"; };
		D688EE972174D9310094AC20 /* Princess.cpp */ = {isa = PBXFileReference; lastKnownFileType = sourcecode.cpp.cpp; path = Princess.cpp; sourceTree = "<group>"; };
		D688EE992174D9650094AC20 /* FrogPrince.h */ = {isa = PBXFileReference; lastKnownFileType = sourcecode.c.h; path = FrogPrince.h; sourceTree = "<group>"; };
		D6B54C932174CD7600217BA7 /* testPrincess */ = {isa = PBXFileReference; explicitFileType = "compiled.mach-o.executable"; includeInIndex = 0; path = testPrincess; sourceTree = BUILT_PRODUCTS_DIR; };
		D6B54C962174CD7600217BA7 /* testPrincess.cpp */ = {isa = PBXFileReference; lastKnownFileType = sourcecode.cpp.cpp; path = testPrincess.cpp; sourceTree = "<group>"; };
/* End PBXFileReference section */

/* Begin PBXFrameworksBuildPhase section */
		D6B54C902174CD7600217BA7 /* Frameworks */ = {
			isa = PBXFrameworksBuildPhase;
			buildActionMask = 2147483647;
			files = (
			);
			runOnlyForDeploymentPostprocessing = 0;
		};
/* End PBXFrameworksBuildPhase section */

/* Begin PBXGroup section */
		D6B54C8A2174CD7600217BA7 = {
			isa = PBXGroup;
			children = (
				D6B54C952174CD7600217BA7 /* testPrincess */,
				D6B54C942174CD7600217BA7 /* Products */,
			);
			sourceTree = "<group>";
		};
		D6B54C942174CD7600217BA7 /* Products */ = {
			isa = PBXGroup;
			children = (
				D6B54C932174CD7600217BA7 /* testPrincess */,
			);
			name = Products;
			sourceTree = "<group>";
		};
		D6B54C952174CD7600217BA7 /* testPrincess */ = {
			isa = PBXGroup;
			children = (
				D688EE962174D8E00094AC20 /* Princess.h */,
				D688EE992174D9650094AC20 /* FrogPrince.h */,
				D688EE972174D9310094AC20 /* Princess.cpp */,
				D62BAF482177735F00980394 /* FrogPrince.cpp */,
				D6B54C962174CD7600217BA7 /* testPrincess.cpp */,
			);
			path = testPrincess;
			sourceTree = "<group>";
		};
/* End PBXGroup section */

/* Begin PBXNativeTarget section */
		D6B54C922174CD7600217BA7 /* testPrincess */ = {
			isa = PBXNativeTarget;
			buildConfigurationList = D6B54C9A2174CD7600217BA7 /* Build configuration list for PBXNativeTarget "testPrincess" */;
			buildPhases = (
				D6B54C8F2174CD7600217BA7 /* Sources */,
				D6B54C902174CD7600217BA7 /* Frameworks */,
				D6B54C912174CD7600217BA7 /* CopyFiles */,
			);
			buildRules = (
			);
			dependencies = (
			);
			name = testPrincess;
			productName = testPrincess;
			productReference = D6B54C932174CD7600217BA7 /* testPrincess */;
			productType = "com.apple.product-type.tool";
		};
/* End PBXNativeTarget section */

/* Begin PBXProject section */
		D6B54C8B2174CD7600217BA7 /* Project object */ = {
			isa = PBXProject;
			attributes = {
				LastUpgradeCheck = 0940;
				ORGANIZATIONNAME = "Kevin J. Zheng";
				TargetAttributes = {
					D6B54C922174CD7600217BA7 = {
						CreatedOnToolsVersion = 9.4.1;
					};
				};
			};
			buildConfigurationList = D6B54C8E2174CD7600217BA7 /* Build configuration list for PBXProject "testPrincess" */;
			compatibilityVersion = "Xcode 9.3";
			developmentRegion = en;
			hasScannedForEncodings = 0;
			knownRegions = (
				en,
			);
			mainGroup = D6B54C8A2174CD7600217BA7;
			productRefGroup = D6B54C942174CD7600217BA7 /* Products */;
			projectDirPath = "";
			projectRoot = "";
			targets = (
				D6B54C922174CD7600217BA7 /* testPrincess */,
			);
		};
/* End PBXProject section */

/* Begin PBXSourcesBuildPhase section */
		D6B54C8F2174CD7600217BA7 /* Sources */ = {
			isa = PBXSourcesBuildPhase;
			buildActionMask = 2147483647;
			files = (
				D62BAF492177735F00980394 /* FrogPrince.cpp in Sources */,
				D688EE982174D9310094AC20 /* Princess.cpp in Sources */,
				D6B54C972174CD7600217BA7 /* testPrincess.cpp in Sources */,
			);
			runOnlyForDeploymentPostprocessing = 0;
		};
/* End PBXSourcesBuildPhase section */

/* Begin XCBuildConfiguration section */
		D6B54C982174CD7600217BA7 /* Debug */ = {
			isa = XCBuildConfiguration;
			buildSettings = {
				ALWAYS_SEARCH_USER_PATHS = NO;
				CLANG_ANALYZER_NONNULL = YES;
				CLANG_ANALYZER_NUMBER_OBJECT_CONVERSION = YES_AGGRESSIVE;
				CLANG_CXX_LANGUAGE_STANDARD = "gnu++14";
				CLANG_CXX_LIBRARY = "libc++";
				CLANG_ENABLE_MODULES = YES;
				CLANG_ENABLE_OBJC_ARC = YES;
				CLANG_ENABLE_OBJC_WEAK = YES;
				CLANG_WARN_BLOCK_CAPTURE_AUTORELEASING = YES;
				CLANG_WARN_BOOL_CONVERSION = YES;
				CLANG_WARN_COMMA = YES;
				CLANG_WARN_CONSTANT_CONVERSION = YES;
				CLANG_WARN_DEPRECATED_OBJC_IMPLEMENTATIONS = YES;
				CLANG_WARN_DIRECT_OBJC_ISA_USAGE = YES_ERROR;
				CLANG_WARN_DOCUMENTATION_COMMENTS = YES;
				CLANG_WARN_EMPTY_BODY = YES;
				CLANG_WARN_ENUM_CONVERSION = YES;
				CLANG_WARN_INFINITE_RECURSION = YES;
				CLANG_WARN_INT_CONVERSION = YES;
				CLANG_WARN_NON_LITERAL_NULL_CONVERSION = YES;
				CLANG_WARN_OBJC_IMPLICIT_RETAIN_SELF = YES;
				CLANG_WARN_OBJC_LITERAL_CONVERSION = YES;
				CLANG_WARN_OBJC_ROOT_CLASS = YES_ERROR;
				CLANG_WARN_RANGE_LOOP_ANALYSIS = YES;
				CLANG_WARN_STRICT_PROTOTYPES = YES;
				CLANG_WARN_SUSPICIOUS_MOVE = YES;
				CLANG_WARN_UNGUARDED_AVAILABILITY = YES_AGGRESSIVE;
				CLANG_WARN_UNREACHABLE_CODE = YES;
				CLANG_WARN__DUPLICATE_METHOD_MATCH = YES;
				CODE_SIGN_IDENTITY = "-";
				COPY_PHASE_STRIP = NO;
				DEBUG_INFORMATION_FORMAT = dwarf;
				ENABLE_STRICT_OBJC_MSGSEND = YES;
				ENABLE_TESTABILITY = YES;
				GCC_C_LANGUAGE_STANDARD = gnu11;
				GCC_DYNAMIC_NO_PIC = NO;
				GCC_NO_COMMON_BLOCKS = YES;
				GCC_OPTIMIZATION_LEVEL = 0;
				GCC_PREPROCESSOR_DEFINITIONS = (
					"DEBUG=1",
					"$(inherited)",
				);
				GCC_WARN_64_TO_32_BIT_CONVERSION = YES;
				GCC_WARN_ABOUT_RETURN_TYPE = YES_ERROR;
				GCC_WARN_UNDECLARED_SELECTOR = YES;
				GCC_WARN_UNINITIALIZED_AUTOS = YES_AGGRESSIVE;
				GCC_WARN_UNUSED_FUNCTION = YES;
				GCC_WARN_UNUSED_VARIABLE = YES;
				MACOSX_DEPLOYMENT_TARGET = 10.13;
				MTL_ENABLE_DEBUG_INFO = YES;
				ONLY_ACTIVE_ARCH = YES;
				SDKROOT = macosx;
			};
			name = Debug;
		};
		D6B54C992174CD7600217BA7 /* Release */ = {
			isa = XCBuildConfiguration;
			buildSettings = {
				ALWAYS_SEARCH_USER_PATHS = NO;
				CLANG_ANALYZER_NONNULL = YES;
				CLANG_ANALYZER_NUMBER_OBJECT_CONVERSION = YES_AGGRESSIVE;
				CLANG_CXX_LANGUAGE_STANDARD = "gnu++14";
				CLANG_CXX_LIBRARY = "libc++";
				CLANG_ENABLE_MODULES = YES;
				CLANG_ENABLE_OBJC_ARC = YES;
				CLANG_ENABLE_OBJC_WEAK = YES;
				CLANG_WARN_BLOCK_CAPTURE_AUTORELEASING = YES;
				CLANG_WARN_BOOL_CONVERSION = YES;
				CLANG_WARN_COMMA = YES;
				CLANG_WARN_CONSTANT_CONVERSION = YES;
				CLANG_WARN_DEPRECATED_OBJC_IMPLEMENTATIONS = YES;
				CLANG_WARN_DIRECT_OBJC_ISA_USAGE = YES_ERROR;
				CLANG_WARN_DOCUMENTATION_COMMENTS = YES;
				CLANG_WARN_EMPTY_BODY = YES;
				CLANG_WARN_ENUM_CONVERSION = YES;
				CLANG_WARN_INFINITE_RECURSION = YES;
				CLANG_WARN_INT_CONVERSION = YES;
				CLANG_WARN_NON_LITERAL_NULL_CONVERSION = YES;
				CLANG_WARN_OBJC_IMPLICIT_RETAIN_SELF = YES;
				CLANG_WARN_OBJC_LITERAL_CONVERSION = YES;
				CLANG_WARN_OBJC_ROOT_CLASS = YES_ERROR;
				CLANG_WARN_RANGE_LOOP_ANALYSIS = YES;
				CLANG_WARN_STRICT_PROTOTYPES = YES;
				CLANG_WARN_SUSPICIOUS_MOVE = YES;
				CLANG_WARN_UNGUARDED_AVAILABILITY = YES_AGGRESSIVE;
				CLANG_WARN_UNREACHABLE_CODE = YES;
				CLANG_WARN__DUPLICATE_METHOD_MATCH = YES;
				CODE_SIGN_IDENTITY = "-";
				COPY_PHASE_STRIP = NO;
				DEBUG_INFORMATION_FORMAT = "dwarf-with-dsym";
				ENABLE_NS_ASSERTIONS = NO;
				ENABLE_STRICT_OBJC_MSGSEND = YES;
				GCC_C_LANGUAGE_STANDARD = gnu11;
				GCC_NO_COMMON_BLOCKS = YES;
				GCC_WARN_64_TO_32_BIT_CONVERSION = YES;
				GCC_WARN_ABOUT_RETURN_TYPE = YES_ERROR;
				GCC_WARN_UNDECLARED_SELECTOR = YES;
				GCC_WARN_UNINITIALIZED_AUTOS = YES_AGGRESSIVE;
				GCC_WARN_UNUSED_FUNCTION = YES;
				GCC_WARN_UNUSED_VARIABLE = YES;
				MACOSX_DEPLOYMENT_TARGET = 10.13;
				MTL_ENABLE_DEBUG_INFO = NO;
				SDKROOT = macosx;
			};
			name = Release;
		};
		D6B54C9B2174CD7600217BA7 /* Debug */ = {
			isa = XCBuildConfiguration;
			buildSettings = {
				CODE_SIGN_STYLE = Automatic;
				PRODUCT_NAME = "$(TARGET_NAME)";
			};
			name = Debug;
		};
		D6B54C9C2174CD7600217BA7 /* Release */ = {
			isa = XCBuildConfiguration;
			buildSettings = {
				CODE_SIGN_STYLE = Automatic;
				PRODUCT_NAME = "$(TARGET_NAME)";
			};
			name = Release;
		};
/* End XCBuildConfiguration section */

/* Begin XCConfigurationList section */
		D6B54C8E2174CD7600217BA7 /* Build configuration list for PBXProject "testPrincess" */ = {
			isa = XCConfigurationList;
			buildConfigurations = (
				D6B54C982174CD7600217BA7 /* Debug */,
				D6B54C992174CD7600217BA7 /* Release */,
			);
			defaultConfigurationIsVisible = 0;
			defaultConfigurationName = Release;
		};
		D6B54C9A2174CD7600217BA7 /* Build configuration list for PBXNativeTarget "testPrincess" */ = {
			isa = XCConfigurationList;
			buildConfigurations = (
				D6B54C9B2174CD7600217BA7 /* Debug */,
				D6B54C9C2174CD7600217BA7 /* Release */,
			);
			defaultConfigurationIsVisible = 0;
			defaultConfigurationName = Release;
		};
/* End XCConfigurationList section */
	};
	rootObject = D6B54C8B2174CD7600217BA7 /* Project object */;
}
